// !$*UTF8*$!
{
	archiveVersion = 1;
	classes = {
	};
	objectVersion = 50;
	objects = {

/* Begin PBXBuildFile section */
		7A11BCC3213122550094EB14 /* Assets.xcassets in Resources */ = {isa = PBXBuildFile; fileRef = 7A11BCC2213122550094EB14 /* Assets.xcassets */; };
		7A11BCF4213127720094EB14 /* FinderSync.swift in Sources */ = {isa = PBXBuildFile; fileRef = 7A11BCF3213127720094EB14 /* FinderSync.swift */; };
		7A1AF3FD25AAA9D100498B51 /* SzContext.xcdatamodeld in Sources */ = {isa = PBXBuildFile; fileRef = 7A1AF3FB25AAA9D100498B51 /* SzContext.xcdatamodeld */; };
		7A1AF3FE25AAA9D100498B51 /* SzContext.xcdatamodeld in Sources */ = {isa = PBXBuildFile; fileRef = 7A1AF3FB25AAA9D100498B51 /* SzContext.xcdatamodeld */; };
		7A1AF3FF25AAA9D100498B51 /* SzContext.xcdatamodeld in Sources */ = {isa = PBXBuildFile; fileRef = 7A1AF3FB25AAA9D100498B51 /* SzContext.xcdatamodeld */; };
		7A1AF42425AAACC800498B51 /* IconCacheManager.swift in Sources */ = {isa = PBXBuildFile; fileRef = 7A1AF42325AAACC800498B51 /* IconCacheManager.swift */; };
		7A1AF42525AAACC800498B51 /* IconCacheManager.swift in Sources */ = {isa = PBXBuildFile; fileRef = 7A1AF42325AAACC800498B51 /* IconCacheManager.swift */; };
		7A1AF42625AAACC800498B51 /* IconCacheManager.swift in Sources */ = {isa = PBXBuildFile; fileRef = 7A1AF42325AAACC800498B51 /* IconCacheManager.swift */; };
		7A28402325A978C100D6D24C /* FirstStartUpWindowController.swift in Sources */ = {isa = PBXBuildFile; fileRef = 7A28402225A978C100D6D24C /* FirstStartUpWindowController.swift */; };
		7A28402B25A9790D00D6D24C /* FirstStartUpViewController.swift in Sources */ = {isa = PBXBuildFile; fileRef = 7A28402A25A9790D00D6D24C /* FirstStartUpViewController.swift */; };
		7A2B12912132815A0029D0B8 /* SzContextFinderSyncExtension.appex in Embed App Extensions */ = {isa = PBXBuildFile; fileRef = 7A11BCF1213127720094EB14 /* SzContextFinderSyncExtension.appex */; settings = {ATTRIBUTES = (RemoveHeadersOnCopy, ); }; };
		7A2DE01C259EFCB70076B0EA /* Constants.swift in Sources */ = {isa = PBXBuildFile; fileRef = 7A2DE01B259EFCB70076B0EA /* Constants.swift */; };
		7A2DE02B259F00A40076B0EA /* Constants.swift in Sources */ = {isa = PBXBuildFile; fileRef = 7A2DE01B259EFCB70076B0EA /* Constants.swift */; };
		7A39C13E25A1AE8200582C5A /* AppDelegate.swift in Sources */ = {isa = PBXBuildFile; fileRef = 7A39C13A25A1AE8200582C5A /* AppDelegate.swift */; };
		7A39C13F25A1AE8200582C5A /* MainWindowController.swift in Sources */ = {isa = PBXBuildFile; fileRef = 7A39C13B25A1AE8200582C5A /* MainWindowController.swift */; };
		7A39C14025A1AE8200582C5A /* PreferenceViewController.swift in Sources */ = {isa = PBXBuildFile; fileRef = 7A39C13C25A1AE8200582C5A /* PreferenceViewController.swift */; };
		7A39C18E25A2417000582C5A /* PreferenceGeneralViewController.swift in Sources */ = {isa = PBXBuildFile; fileRef = 7A39C18D25A2417000582C5A /* PreferenceGeneralViewController.swift */; };
		7A39C19225A2418A00582C5A /* PreferenceActionViewController.swift in Sources */ = {isa = PBXBuildFile; fileRef = 7A39C19125A2418A00582C5A /* PreferenceActionViewController.swift */; };
		7A39C19625A2419800582C5A /* PreferenceAboutViewController.swift in Sources */ = {isa = PBXBuildFile; fileRef = 7A39C19525A2419800582C5A /* PreferenceAboutViewController.swift */; };
		7A39C1B225A263C400582C5A /* Localizable.strings in Resources */ = {isa = PBXBuildFile; fileRef = 7A39C1B525A263C400582C5A /* Localizable.strings */; };
		7A39C1B325A263C400582C5A /* Localizable.strings in Resources */ = {isa = PBXBuildFile; fileRef = 7A39C1B525A263C400582C5A /* Localizable.strings */; };
		7A39C1C525A292B700582C5A /* PreferenceManager.swift in Sources */ = {isa = PBXBuildFile; fileRef = 7A39C1C425A292B700582C5A /* PreferenceManager.swift */; };
		7A39C1CB25A2A9DA00582C5A /* PreferenceManager.swift in Sources */ = {isa = PBXBuildFile; fileRef = 7A39C1C425A292B700582C5A /* PreferenceManager.swift */; };
		7A39C1F325A3B4F500582C5A /* TabViewController.swift in Sources */ = {isa = PBXBuildFile; fileRef = 7A39C1F225A3B4F500582C5A /* TabViewController.swift */; };
		7A39C21425A41BCD00582C5A /* Main.storyboard in Resources */ = {isa = PBXBuildFile; fileRef = 7A39C21625A41BCD00582C5A /* Main.storyboard */; };
		7A3B876725A7B79D00228CB5 /* LQ3C7Y6F8J.com.roadtodream.SzContextXPCHelper.app in Embed LoginItem */ = {isa = PBXBuildFile; fileRef = 7A3B875B25A7B73F00228CB5 /* LQ3C7Y6F8J.com.roadtodream.SzContextXPCHelper.app */; settings = {ATTRIBUTES = (CodeSignOnCopy, RemoveHeadersOnCopy, ); }; };
		7A3B876B25A7B7AE00228CB5 /* Constants.swift in Sources */ = {isa = PBXBuildFile; fileRef = 7A2DE01B259EFCB70076B0EA /* Constants.swift */; };
		7A3B876C25A7B7AE00228CB5 /* BookmarkManager.swift in Sources */ = {isa = PBXBuildFile; fileRef = 7A2DE02D259F01750076B0EA /* BookmarkManager.swift */; };
		7A3B876D25A7B7AE00228CB5 /* PreferenceManager.swift in Sources */ = {isa = PBXBuildFile; fileRef = 7A39C1C425A292B700582C5A /* PreferenceManager.swift */; };
		7A3B876F25A7B7AE00228CB5 /* main.swift in Sources */ = {isa = PBXBuildFile; fileRef = 7A4B1DEB25A79F95006C6256 /* main.swift */; };
		7A3B877025A7B7AE00228CB5 /* SzContextXPC.swift in Sources */ = {isa = PBXBuildFile; fileRef = 7A4B1DEA25A79F95006C6256 /* SzContextXPC.swift */; };
		7A3B877125A7B7AE00228CB5 /* SzContextXPCDelegate.swift in Sources */ = {isa = PBXBuildFile; fileRef = 7A4B1DE725A79F95006C6256 /* SzContextXPCDelegate.swift */; };
		7A3B877225A7B7AE00228CB5 /* SzContextXPCProtocol.swift in Sources */ = {isa = PBXBuildFile; fileRef = 7A4B1DE825A79F95006C6256 /* SzContextXPCProtocol.swift */; };
		7A5BBDE925994FD200162DB4 /* Media.xcassets in Resources */ = {isa = PBXBuildFile; fileRef = 7A5BBDE825994FD200162DB4 /* Media.xcassets */; };
		7A5F45D325B0D43600E9F1E7 /* XPCServiceManager.swift in Sources */ = {isa = PBXBuildFile; fileRef = 7A9EC78425A6D2E9001A46B8 /* XPCServiceManager.swift */; };
		7A5F45D725B0D4A500E9F1E7 /* XPCServiceManager.swift in Sources */ = {isa = PBXBuildFile; fileRef = 7A9EC78425A6D2E9001A46B8 /* XPCServiceManager.swift */; };
		7A85B30F259FA2A30024524C /* ServiceManagement.framework in Frameworks */ = {isa = PBXBuildFile; fileRef = 7A85B30E259FA2A30024524C /* ServiceManagement.framework */; };
		7A85B31C259FA41B0024524C /* Cocoa.framework in Frameworks */ = {isa = PBXBuildFile; fileRef = 7A85B316259FA3E60024524C /* Cocoa.framework */; };
		7A85B330259FAE3E0024524C /* BookmarkManager.swift in Sources */ = {isa = PBXBuildFile; fileRef = 7A2DE02D259F01750076B0EA /* BookmarkManager.swift */; };
		7A85B331259FAE3E0024524C /* BookmarkManager.swift in Sources */ = {isa = PBXBuildFile; fileRef = 7A2DE02D259F01750076B0EA /* BookmarkManager.swift */; };
		7A9EC78525A6D2E9001A46B8 /* XPCServiceManager.swift in Sources */ = {isa = PBXBuildFile; fileRef = 7A9EC78425A6D2E9001A46B8 /* XPCServiceManager.swift */; };
		7A9EC79525A77454001A46B8 /* NotifyManager.swift in Sources */ = {isa = PBXBuildFile; fileRef = 7AB67CC725A6AFA10052D72A /* NotifyManager.swift */; };
		7AC5E66625B16E1100F76603 /* Util.swift in Sources */ = {isa = PBXBuildFile; fileRef = 7AC5E66525B16E1100F76603 /* Util.swift */; };
		7AC5E66725B16E1100F76603 /* Util.swift in Sources */ = {isa = PBXBuildFile; fileRef = 7AC5E66525B16E1100F76603 /* Util.swift */; };
		7AC5E66825B16E1100F76603 /* Util.swift in Sources */ = {isa = PBXBuildFile; fileRef = 7AC5E66525B16E1100F76603 /* Util.swift */; };
/* End PBXBuildFile section */

/* Begin PBXContainerItemProxy section */
		7A3B87A025A7CC1200228CB5 /* PBXContainerItemProxy */ = {
			isa = PBXContainerItemProxy;
			containerPortal = 7A11BCB3213122540094EB14 /* Project object */;
			proxyType = 1;
			remoteGlobalIDString = 7A3B875A25A7B73F00228CB5;
			remoteInfo = SzContextXPCHelper;
		};
		7A3B87A225A7CC1600228CB5 /* PBXContainerItemProxy */ = {
			isa = PBXContainerItemProxy;
			containerPortal = 7A11BCB3213122540094EB14 /* Project object */;
			proxyType = 1;
			remoteGlobalIDString = 7A11BCF0213127720094EB14;
			remoteInfo = SzContextFinderSyncExtension;
		};
		7A3B87A425A7CC1600228CB5 /* PBXContainerItemProxy */ = {
			isa = PBXContainerItemProxy;
			containerPortal = 7A11BCB3213122540094EB14 /* Project object */;
			proxyType = 1;
			remoteGlobalIDString = 7A3B875A25A7B73F00228CB5;
			remoteInfo = SzContextXPCHelper;
		};
/* End PBXContainerItemProxy section */

/* Begin PBXCopyFilesBuildPhase section */
		7A2B12952132815A0029D0B8 /* Embed App Extensions */ = {
			isa = PBXCopyFilesBuildPhase;
			buildActionMask = 2147483647;
			dstPath = "";
			dstSubfolderSpec = 13;
			files = (
				7A2B12912132815A0029D0B8 /* SzContextFinderSyncExtension.appex in Embed App Extensions */,
			);
			name = "Embed App Extensions";
			runOnlyForDeploymentPostprocessing = 0;
		};
		7A2DE023259EFDB10076B0EA /* Embed LoginItem */ = {
			isa = PBXCopyFilesBuildPhase;
			buildActionMask = 12;
			dstPath = Contents/Library/LoginItems;
			dstSubfolderSpec = 1;
			files = (
				7A3B876725A7B79D00228CB5 /* LQ3C7Y6F8J.com.roadtodream.SzContextXPCHelper.app in Embed LoginItem */,
			);
			name = "Embed LoginItem";
			runOnlyForDeploymentPostprocessing = 0;
		};
/* End PBXCopyFilesBuildPhase section */

/* Begin PBXFileReference section */
		7A11BCBB213122540094EB14 /* SzContext.app */ = {isa = PBXFileReference; explicitFileType = wrapper.application; includeInIndex = 0; path = SzContext.app; sourceTree = BUILT_PRODUCTS_DIR; };
		7A11BCC2213122550094EB14 /* Assets.xcassets */ = {isa = PBXFileReference; lastKnownFileType = folder.assetcatalog; path = Assets.xcassets; sourceTree = "<group>"; };
		7A11BCC7213122550094EB14 /* Info.plist */ = {isa = PBXFileReference; lastKnownFileType = text.plist.xml; path = Info.plist; sourceTree = "<group>"; };
		7A11BCF1213127720094EB14 /* SzContextFinderSyncExtension.appex */ = {isa = PBXFileReference; explicitFileType = "wrapper.app-extension"; includeInIndex = 0; path = SzContextFinderSyncExtension.appex; sourceTree = BUILT_PRODUCTS_DIR; };
		7A11BCF3213127720094EB14 /* FinderSync.swift */ = {isa = PBXFileReference; lastKnownFileType = sourcecode.swift; path = FinderSync.swift; sourceTree = "<group>"; };
		7A11BCF5213127720094EB14 /* Info.plist */ = {isa = PBXFileReference; lastKnownFileType = text.plist.xml; path = Info.plist; sourceTree = "<group>"; };
		7A1AF3FC25AAA9D100498B51 /* Model.xcdatamodel */ = {isa = PBXFileReference; lastKnownFileType = wrapper.xcdatamodel; path = Model.xcdatamodel; sourceTree = "<group>"; };
		7A1AF42325AAACC800498B51 /* IconCacheManager.swift */ = {isa = PBXFileReference; lastKnownFileType = sourcecode.swift; path = IconCacheManager.swift; sourceTree = "<group>"; };
		7A28402225A978C100D6D24C /* FirstStartUpWindowController.swift */ = {isa = PBXFileReference; lastKnownFileType = sourcecode.swift; path = FirstStartUpWindowController.swift; sourceTree = "<group>"; };
		7A28402A25A9790D00D6D24C /* FirstStartUpViewController.swift */ = {isa = PBXFileReference; lastKnownFileType = sourcecode.swift; path = FirstStartUpViewController.swift; sourceTree = "<group>"; };
		7A2DE01B259EFCB70076B0EA /* Constants.swift */ = {isa = PBXFileReference; fileEncoding = 4; lastKnownFileType = sourcecode.swift; path = Constants.swift; sourceTree = "<group>"; };
		7A2DE02D259F01750076B0EA /* BookmarkManager.swift */ = {isa = PBXFileReference; fileEncoding = 4; lastKnownFileType = sourcecode.swift; path = BookmarkManager.swift; sourceTree = "<group>"; };
		7A39C13A25A1AE8200582C5A /* AppDelegate.swift */ = {isa = PBXFileReference; fileEncoding = 4; lastKnownFileType = sourcecode.swift; path = AppDelegate.swift; sourceTree = "<group>"; };
		7A39C13B25A1AE8200582C5A /* MainWindowController.swift */ = {isa = PBXFileReference; fileEncoding = 4; lastKnownFileType = sourcecode.swift; path = MainWindowController.swift; sourceTree = "<group>"; };
		7A39C13C25A1AE8200582C5A /* PreferenceViewController.swift */ = {isa = PBXFileReference; fileEncoding = 4; lastKnownFileType = sourcecode.swift; path = PreferenceViewController.swift; sourceTree = "<group>"; };
		7A39C18D25A2417000582C5A /* PreferenceGeneralViewController.swift */ = {isa = PBXFileReference; lastKnownFileType = sourcecode.swift; path = PreferenceGeneralViewController.swift; sourceTree = "<group>"; };
		7A39C19125A2418A00582C5A /* PreferenceActionViewController.swift */ = {isa = PBXFileReference; lastKnownFileType = sourcecode.swift; path = PreferenceActionViewController.swift; sourceTree = "<group>"; };
		7A39C19525A2419800582C5A /* PreferenceAboutViewController.swift */ = {isa = PBXFileReference; lastKnownFileType = sourcecode.swift; path = PreferenceAboutViewController.swift; sourceTree = "<group>"; };
		7A39C1B425A263C400582C5A /* en */ = {isa = PBXFileReference; lastKnownFileType = text.plist.strings; name = en; path = en.lproj/Localizable.strings; sourceTree = "<group>"; };
		7A39C1B925A2645000582C5A /* zh-Hans */ = {isa = PBXFileReference; lastKnownFileType = text.plist.strings; name = "zh-Hans"; path = "zh-Hans.lproj/Localizable.strings"; sourceTree = "<group>"; };
		7A39C1C425A292B700582C5A /* PreferenceManager.swift */ = {isa = PBXFileReference; lastKnownFileType = sourcecode.swift; path = PreferenceManager.swift; sourceTree = "<group>"; };
		7A39C1F225A3B4F500582C5A /* TabViewController.swift */ = {isa = PBXFileReference; lastKnownFileType = sourcecode.swift; path = TabViewController.swift; sourceTree = "<group>"; };
		7A39C21525A41BCD00582C5A /* Base */ = {isa = PBXFileReference; lastKnownFileType = file.storyboard; name = Base; path = Base.lproj/Main.storyboard; sourceTree = "<group>"; };
		7A3B875B25A7B73F00228CB5 /* LQ3C7Y6F8J.com.roadtodream.SzContextXPCHelper.app */ = {isa = PBXFileReference; explicitFileType = wrapper.cfbundle; includeInIndex = 0; path = LQ3C7Y6F8J.com.roadtodream.SzContextXPCHelper.app; sourceTree = BUILT_PRODUCTS_DIR; };
		7A4B1DCA25A79E58006C6256 /* SzContextFinderSyncExtension.entitlements */ = {isa = PBXFileReference; lastKnownFileType = text.plist.entitlements; path = SzContextFinderSyncExtension.entitlements; sourceTree = "<group>"; };
		7A4B1DCB25A79E69006C6256 /* SzContext.entitlements */ = {isa = PBXFileReference; lastKnownFileType = text.plist.entitlements; path = SzContext.entitlements; sourceTree = "<group>"; };
		7A4B1DD925A79F5B006C6256 /* Assets.xcassets */ = {isa = PBXFileReference; lastKnownFileType = folder.assetcatalog; path = Assets.xcassets; sourceTree = "<group>"; };
		7A4B1DE725A79F95006C6256 /* SzContextXPCDelegate.swift */ = {isa = PBXFileReference; fileEncoding = 4; lastKnownFileType = sourcecode.swift; path = SzContextXPCDelegate.swift; sourceTree = "<group>"; };
		7A4B1DE825A79F95006C6256 /* SzContextXPCProtocol.swift */ = {isa = PBXFileReference; fileEncoding = 4; lastKnownFileType = sourcecode.swift; path = SzContextXPCProtocol.swift; sourceTree = "<group>"; };
		7A4B1DE925A79F95006C6256 /* Info.plist */ = {isa = PBXFileReference; fileEncoding = 4; lastKnownFileType = text.plist.xml; path = Info.plist; sourceTree = "<group>"; };
		7A4B1DEA25A79F95006C6256 /* SzContextXPC.swift */ = {isa = PBXFileReference; fileEncoding = 4; lastKnownFileType = sourcecode.swift; path = SzContextXPC.swift; sourceTree = "<group>"; };
		7A4B1DEB25A79F95006C6256 /* main.swift */ = {isa = PBXFileReference; fileEncoding = 4; lastKnownFileType = sourcecode.swift; path = main.swift; sourceTree = "<group>"; };
		7A4B1E1825A7A2DE006C6256 /* LQ3C7Y6F8J.com.roadtodream.SzContextXPCHelper.entitlements */ = {isa = PBXFileReference; lastKnownFileType = text.plist.entitlements; path = LQ3C7Y6F8J.com.roadtodream.SzContextXPCHelper.entitlements; sourceTree = "<group>"; };
		7A5BBDE825994FD200162DB4 /* Media.xcassets */ = {isa = PBXFileReference; lastKnownFileType = folder.assetcatalog; path = Media.xcassets; sourceTree = "<group>"; };
		7A85B30E259FA2A30024524C /* ServiceManagement.framework */ = {isa = PBXFileReference; lastKnownFileType = wrapper.framework; name = ServiceManagement.framework; path = System/Library/Frameworks/ServiceManagement.framework; sourceTree = SDKROOT; };
		7A85B310259FA2B80024524C /* Foundation.framework */ = {isa = PBXFileReference; lastKnownFileType = wrapper.framework; name = Foundation.framework; path = System/Library/Frameworks/Foundation.framework; sourceTree = SDKROOT; };
		7A85B316259FA3E60024524C /* Cocoa.framework */ = {isa = PBXFileReference; lastKnownFileType = wrapper.framework; name = Cocoa.framework; path = System/Library/Frameworks/Cocoa.framework; sourceTree = SDKROOT; };
		7A8D5E3A25AEEF7700A57752 /* en */ = {isa = PBXFileReference; lastKnownFileType = text.plist.strings; name = en; path = en.lproj/Main.strings; sourceTree = "<group>"; };
		7A8D5E3C25AEEF7B00A57752 /* zh-Hans */ = {isa = PBXFileReference; lastKnownFileType = text.plist.strings; name = "zh-Hans"; path = "zh-Hans.lproj/Main.strings"; sourceTree = "<group>"; };
		7A9EC78425A6D2E9001A46B8 /* XPCServiceManager.swift */ = {isa = PBXFileReference; fileEncoding = 4; lastKnownFileType = sourcecode.swift; path = XPCServiceManager.swift; sourceTree = "<group>"; };
		7AB67CC725A6AFA10052D72A /* NotifyManager.swift */ = {isa = PBXFileReference; lastKnownFileType = sourcecode.swift; path = NotifyManager.swift; sourceTree = "<group>"; };
		7AC5E66525B16E1100F76603 /* Util.swift */ = {isa = PBXFileReference; lastKnownFileType = sourcecode.swift; path = Util.swift; sourceTree = "<group>"; };
/* End PBXFileReference section */

/* Begin PBXFrameworksBuildPhase section */
		7A11BCB8213122540094EB14 /* Frameworks */ = {
			isa = PBXFrameworksBuildPhase;
			buildActionMask = 2147483647;
			files = (
				7A85B31C259FA41B0024524C /* Cocoa.framework in Frameworks */,
				7A85B30F259FA2A30024524C /* ServiceManagement.framework in Frameworks */,
			);
			runOnlyForDeploymentPostprocessing = 0;
		};
		7A11BCEE213127720094EB14 /* Frameworks */ = {
			isa = PBXFrameworksBuildPhase;
			buildActionMask = 2147483647;
			files = (
			);
			runOnlyForDeploymentPostprocessing = 0;
		};
		7A3B875825A7B73F00228CB5 /* Frameworks */ = {
			isa = PBXFrameworksBuildPhase;
			buildActionMask = 2147483647;
			files = (
			);
			runOnlyForDeploymentPostprocessing = 0;
		};
/* End PBXFrameworksBuildPhase section */

/* Begin PBXGroup section */
		7A11BCB2213122540094EB14 = {
			isa = PBXGroup;
			children = (
				7A2DE01A259EFC9C0076B0EA /* Shared */,
				7A11BCBD213122540094EB14 /* SzContext */,
				7A11BCF2213127720094EB14 /* SzContextFinderSyncExtension */,
				7A4B1DD425A79F5A006C6256 /* SzContextXPCHelper */,
				7A11BCBC213122540094EB14 /* Products */,
				7A5AB86A259EF24400B11AB1 /* Frameworks */,
			);
			sourceTree = "<group>";
		};
		7A11BCBC213122540094EB14 /* Products */ = {
			isa = PBXGroup;
			children = (
				7A11BCBB213122540094EB14 /* SzContext.app */,
				7A11BCF1213127720094EB14 /* SzContextFinderSyncExtension.appex */,
				7A3B875B25A7B73F00228CB5 /* LQ3C7Y6F8J.com.roadtodream.SzContextXPCHelper.app */,
			);
			name = Products;
			sourceTree = "<group>";
		};
		7A11BCBD213122540094EB14 /* SzContext */ = {
			isa = PBXGroup;
			children = (
				7A4B1DCB25A79E69006C6256 /* SzContext.entitlements */,
				7A39C21625A41BCD00582C5A /* Main.storyboard */,
				7A39C13A25A1AE8200582C5A /* AppDelegate.swift */,
				7A39C13B25A1AE8200582C5A /* MainWindowController.swift */,
				7A28402225A978C100D6D24C /* FirstStartUpWindowController.swift */,
				7A28402A25A9790D00D6D24C /* FirstStartUpViewController.swift */,
				7A39C1F225A3B4F500582C5A /* TabViewController.swift */,
				7A39C13C25A1AE8200582C5A /* PreferenceViewController.swift */,
				7A39C18D25A2417000582C5A /* PreferenceGeneralViewController.swift */,
				7A39C19125A2418A00582C5A /* PreferenceActionViewController.swift */,
				7A39C19525A2419800582C5A /* PreferenceAboutViewController.swift */,
				7A11BCC2213122550094EB14 /* Assets.xcassets */,
				7A11BCC7213122550094EB14 /* Info.plist */,
			);
			path = SzContext;
			sourceTree = "<group>";
		};
		7A11BCF2213127720094EB14 /* SzContextFinderSyncExtension */ = {
			isa = PBXGroup;
			children = (
				7A4B1DCA25A79E58006C6256 /* SzContextFinderSyncExtension.entitlements */,
				7A11BCF3213127720094EB14 /* FinderSync.swift */,
				7A11BCF5213127720094EB14 /* Info.plist */,
				7A5BBDE825994FD200162DB4 /* Media.xcassets */,
			);
			path = SzContextFinderSyncExtension;
			sourceTree = "<group>";
		};
		7A2DE01A259EFC9C0076B0EA /* Shared */ = {
			isa = PBXGroup;
			children = (
				7A1AF3FB25AAA9D100498B51 /* SzContext.xcdatamodeld */,
				7A2DE01B259EFCB70076B0EA /* Constants.swift */,
				7A1AF42325AAACC800498B51 /* IconCacheManager.swift */,
				7A2DE02D259F01750076B0EA /* BookmarkManager.swift */,
				7A39C1C425A292B700582C5A /* PreferenceManager.swift */,
				7AB67CC725A6AFA10052D72A /* NotifyManager.swift */,
				7A9EC78425A6D2E9001A46B8 /* XPCServiceManager.swift */,
				7AC5E66525B16E1100F76603 /* Util.swift */,
				7A39C1B525A263C400582C5A /* Localizable.strings */,
			);
			path = Shared;
			sourceTree = "<group>";
		};
		7A4B1DD425A79F5A006C6256 /* SzContextXPCHelper */ = {
			isa = PBXGroup;
			children = (
				7A4B1E1825A7A2DE006C6256 /* LQ3C7Y6F8J.com.roadtodream.SzContextXPCHelper.entitlements */,
				7A4B1DE925A79F95006C6256 /* Info.plist */,
				7A4B1DEB25A79F95006C6256 /* main.swift */,
				7A4B1DEA25A79F95006C6256 /* SzContextXPC.swift */,
				7A4B1DE725A79F95006C6256 /* SzContextXPCDelegate.swift */,
				7A4B1DE825A79F95006C6256 /* SzContextXPCProtocol.swift */,
				7A4B1DD925A79F5B006C6256 /* Assets.xcassets */,
			);
			path = SzContextXPCHelper;
			sourceTree = "<group>";
		};
		7A5AB86A259EF24400B11AB1 /* Frameworks */ = {
			isa = PBXGroup;
			children = (
				7A85B316259FA3E60024524C /* Cocoa.framework */,
				7A85B310259FA2B80024524C /* Foundation.framework */,
				7A85B30E259FA2A30024524C /* ServiceManagement.framework */,
			);
			name = Frameworks;
			sourceTree = "<group>";
		};
/* End PBXGroup section */

/* Begin PBXNativeTarget section */
		7A11BCBA213122540094EB14 /* SzContext */ = {
			isa = PBXNativeTarget;
			buildConfigurationList = 7A11BCE1213122550094EB14 /* Build configuration list for PBXNativeTarget "SzContext" */;
			buildPhases = (
				7A11BCB7213122540094EB14 /* Sources */,
				7A11BCB8213122540094EB14 /* Frameworks */,
				7A11BCB9213122540094EB14 /* Resources */,
				7A2DE023259EFDB10076B0EA /* Embed LoginItem */,
				7A2B12952132815A0029D0B8 /* Embed App Extensions */,
				7AB4E29725AA45E800C8B778 /* Reset environment */,
			);
			buildRules = (
			);
			dependencies = (
				7A3B87A325A7CC1600228CB5 /* PBXTargetDependency */,
				7A3B87A525A7CC1600228CB5 /* PBXTargetDependency */,
			);
			name = SzContext;
			productName = SzContext;
			productReference = 7A11BCBB213122540094EB14 /* SzContext.app */;
			productType = "com.apple.product-type.application";
		};
		7A11BCF0213127720094EB14 /* SzContextFinderSyncExtension */ = {
			isa = PBXNativeTarget;
			buildConfigurationList = 7A11BCFA213127720094EB14 /* Build configuration list for PBXNativeTarget "SzContextFinderSyncExtension" */;
			buildPhases = (
				7A11BCED213127720094EB14 /* Sources */,
				7A11BCEE213127720094EB14 /* Frameworks */,
				7A11BCEF213127720094EB14 /* Resources */,
			);
			buildRules = (
			);
			dependencies = (
				7A3B87A125A7CC1200228CB5 /* PBXTargetDependency */,
			);
			name = SzContextFinderSyncExtension;
			productName = SzContextFinderSyncExtension;
			productReference = 7A11BCF1213127720094EB14 /* SzContextFinderSyncExtension.appex */;
			productType = "com.apple.product-type.app-extension";
		};
		7A3B875A25A7B73F00228CB5 /* SzContextXPCHelper */ = {
			isa = PBXNativeTarget;
			buildConfigurationList = 7A3B875E25A7B74000228CB5 /* Build configuration list for PBXNativeTarget "SzContextXPCHelper" */;
			buildPhases = (
				7A3B875725A7B73F00228CB5 /* Sources */,
				7A3B875825A7B73F00228CB5 /* Frameworks */,
			);
			buildRules = (
			);
			dependencies = (
			);
			name = SzContextXPCHelper;
			productName = SzContextXPCHelper;
			productReference = 7A3B875B25A7B73F00228CB5 /* LQ3C7Y6F8J.com.roadtodream.SzContextXPCHelper.app */;
			productType = "com.apple.product-type.bundle";
		};
/* End PBXNativeTarget section */

/* Begin PBXProject section */
		7A11BCB3213122540094EB14 /* Project object */ = {
			isa = PBXProject;
			attributes = {
				LastSwiftUpdateCheck = 1230;
				LastUpgradeCheck = 1230;
				ORGANIZATIONNAME = "Jiawei Duan";
				TargetAttributes = {
					7A11BCBA213122540094EB14 = {
						CreatedOnToolsVersion = 9.3;
						SystemCapabilities = {
							com.apple.ApplicationGroups.Mac = {
								enabled = 1;
							};
							com.apple.Sandbox = {
								enabled = 0;
							};
						};
					};
					7A11BCF0213127720094EB14 = {
						CreatedOnToolsVersion = 9.3;
						SystemCapabilities = {
							com.apple.ApplicationGroups.Mac = {
								enabled = 1;
							};
							com.apple.Sandbox = {
								enabled = 1;
							};
						};
					};
					7A3B875A25A7B73F00228CB5 = {
						CreatedOnToolsVersion = 12.3;
					};
				};
			};
			buildConfigurationList = 7A11BCB6213122540094EB14 /* Build configuration list for PBXProject "SzContext" */;
			compatibilityVersion = "Xcode 9.3";
			developmentRegion = en;
			hasScannedForEncodings = 0;
			knownRegions = (
				en,
				Base,
				"zh-Hans",
			);
			mainGroup = 7A11BCB2213122540094EB14;
			productRefGroup = 7A11BCBC213122540094EB14 /* Products */;
			projectDirPath = "";
			projectRoot = "";
			targets = (
				7A11BCBA213122540094EB14 /* SzContext */,
				7A11BCF0213127720094EB14 /* SzContextFinderSyncExtension */,
				7A3B875A25A7B73F00228CB5 /* SzContextXPCHelper */,
			);
		};
/* End PBXProject section */

/* Begin PBXResourcesBuildPhase section */
		7A11BCB9213122540094EB14 /* Resources */ = {
			isa = PBXResourcesBuildPhase;
			buildActionMask = 2147483647;
			files = (
				7A39C21425A41BCD00582C5A /* Main.storyboard in Resources */,
				7A11BCC3213122550094EB14 /* Assets.xcassets in Resources */,
				7A39C1B225A263C400582C5A /* Localizable.strings in Resources */,
			);
			runOnlyForDeploymentPostprocessing = 0;
		};
		7A11BCEF213127720094EB14 /* Resources */ = {
			isa = PBXResourcesBuildPhase;
			buildActionMask = 2147483647;
			files = (
				7A39C1B325A263C400582C5A /* Localizable.strings in Resources */,
				7A5BBDE925994FD200162DB4 /* Media.xcassets in Resources */,
			);
			runOnlyForDeploymentPostprocessing = 0;
		};
/* End PBXResourcesBuildPhase section */

/* Begin PBXShellScriptBuildPhase section */
		7AB4E29725AA45E800C8B778 /* Reset environment */ = {
			isa = PBXShellScriptBuildPhase;
			buildActionMask = 2147483647;
			files = (
			);
			inputFileListPaths = (
			);
			inputPaths = (
			);
			name = "Reset environment";
			outputFileListPaths = (
			);
			outputPaths = (
			);
			runOnlyForDeploymentPostprocessing = 0;
			shellPath = /bin/sh;
			shellScript = "/bin/launchctl stop LQ3C7Y6F8J.com.roadtodream.SzContextXPCHelper\n/bin/launchctl remove LQ3C7Y6F8J.com.roadtodream.SzContextXPCHelper\n/usr/bin/tccutil reset SystemPolicyDocumentsFolder com.roadtodream.SzContext\n/usr/bin/tccutil reset SystemPolicyDocumentsFolder LQ3C7Y6F8J.com.roadtodream.SzContextXPCHelper\n\n";
		};
/* End PBXShellScriptBuildPhase section */

/* Begin PBXSourcesBuildPhase section */
		7A11BCB7213122540094EB14 /* Sources */ = {
			isa = PBXSourcesBuildPhase;
			buildActionMask = 2147483647;
			files = (
				7A9EC79525A77454001A46B8 /* NotifyManager.swift in Sources */,
				7A28402B25A9790D00D6D24C /* FirstStartUpViewController.swift in Sources */,
				7A1AF3FD25AAA9D100498B51 /* SzContext.xcdatamodeld in Sources */,
				7A39C18E25A2417000582C5A /* PreferenceGeneralViewController.swift in Sources */,
				7A39C14025A1AE8200582C5A /* PreferenceViewController.swift in Sources */,
				7A39C13E25A1AE8200582C5A /* AppDelegate.swift in Sources */,
				7AC5E66625B16E1100F76603 /* Util.swift in Sources */,
				7A1AF42425AAACC800498B51 /* IconCacheManager.swift in Sources */,
				7A85B330259FAE3E0024524C /* BookmarkManager.swift in Sources */,
				7A39C1C525A292B700582C5A /* PreferenceManager.swift in Sources */,
				7A9EC78525A6D2E9001A46B8 /* XPCServiceManager.swift in Sources */,
				7A39C13F25A1AE8200582C5A /* MainWindowController.swift in Sources */,
				7A39C19225A2418A00582C5A /* PreferenceActionViewController.swift in Sources */,
				7A28402325A978C100D6D24C /* FirstStartUpWindowController.swift in Sources */,
				7A2DE01C259EFCB70076B0EA /* Constants.swift in Sources */,
				7A39C1F325A3B4F500582C5A /* TabViewController.swift in Sources */,
				7A39C19625A2419800582C5A /* PreferenceAboutViewController.swift in Sources */,
			);
			runOnlyForDeploymentPostprocessing = 0;
		};
		7A11BCED213127720094EB14 /* Sources */ = {
			isa = PBXSourcesBuildPhase;
			buildActionMask = 2147483647;
			files = (
				7A5F45D725B0D4A500E9F1E7 /* XPCServiceManager.swift in Sources */,
				7A39C1CB25A2A9DA00582C5A /* PreferenceManager.swift in Sources */,
				7A2DE02B259F00A40076B0EA /* Constants.swift in Sources */,
				7AC5E66725B16E1100F76603 /* Util.swift in Sources */,
				7A1AF42525AAACC800498B51 /* IconCacheManager.swift in Sources */,
				7A1AF3FE25AAA9D100498B51 /* SzContext.xcdatamodeld in Sources */,
				7A11BCF4213127720094EB14 /* FinderSync.swift in Sources */,
				7A85B331259FAE3E0024524C /* BookmarkManager.swift in Sources */,
			);
			runOnlyForDeploymentPostprocessing = 0;
		};
		7A3B875725A7B73F00228CB5 /* Sources */ = {
			isa = PBXSourcesBuildPhase;
			buildActionMask = 2147483647;
			files = (
				7AC5E66825B16E1100F76603 /* Util.swift in Sources */,
				7A5F45D325B0D43600E9F1E7 /* XPCServiceManager.swift in Sources */,
				7A3B876B25A7B7AE00228CB5 /* Constants.swift in Sources */,
				7A3B876C25A7B7AE00228CB5 /* BookmarkManager.swift in Sources */,
				7A3B876D25A7B7AE00228CB5 /* PreferenceManager.swift in Sources */,
				7A1AF42625AAACC800498B51 /* IconCacheManager.swift in Sources */,
				7A3B876F25A7B7AE00228CB5 /* main.swift in Sources */,
				7A1AF3FF25AAA9D100498B51 /* SzContext.xcdatamodeld in Sources */,
				7A3B877025A7B7AE00228CB5 /* SzContextXPC.swift in Sources */,
				7A3B877125A7B7AE00228CB5 /* SzContextXPCDelegate.swift in Sources */,
				7A3B877225A7B7AE00228CB5 /* SzContextXPCProtocol.swift in Sources */,
			);
			runOnlyForDeploymentPostprocessing = 0;
		};
/* End PBXSourcesBuildPhase section */

/* Begin PBXTargetDependency section */
		7A3B87A125A7CC1200228CB5 /* PBXTargetDependency */ = {
			isa = PBXTargetDependency;
			target = 7A3B875A25A7B73F00228CB5 /* SzContextXPCHelper */;
			targetProxy = 7A3B87A025A7CC1200228CB5 /* PBXContainerItemProxy */;
		};
		7A3B87A325A7CC1600228CB5 /* PBXTargetDependency */ = {
			isa = PBXTargetDependency;
			target = 7A11BCF0213127720094EB14 /* SzContextFinderSyncExtension */;
			targetProxy = 7A3B87A225A7CC1600228CB5 /* PBXContainerItemProxy */;
		};
		7A3B87A525A7CC1600228CB5 /* PBXTargetDependency */ = {
			isa = PBXTargetDependency;
			target = 7A3B875A25A7B73F00228CB5 /* SzContextXPCHelper */;
			targetProxy = 7A3B87A425A7CC1600228CB5 /* PBXContainerItemProxy */;
		};
/* End PBXTargetDependency section */

/* Begin PBXVariantGroup section */
		7A39C1B525A263C400582C5A /* Localizable.strings */ = {
			isa = PBXVariantGroup;
			children = (
				7A39C1B425A263C400582C5A /* en */,
				7A39C1B925A2645000582C5A /* zh-Hans */,
			);
			name = Localizable.strings;
			sourceTree = "<group>";
		};
		7A39C21625A41BCD00582C5A /* Main.storyboard */ = {
			isa = PBXVariantGroup;
			children = (
				7A39C21525A41BCD00582C5A /* Base */,
				7A8D5E3A25AEEF7700A57752 /* en */,
				7A8D5E3C25AEEF7B00A57752 /* zh-Hans */,
			);
			name = Main.storyboard;
			sourceTree = "<group>";
		};
/* End PBXVariantGroup section */

/* Begin XCBuildConfiguration section */
		7A11BCDF213122550094EB14 /* Debug */ = {
			isa = XCBuildConfiguration;
			buildSettings = {
				ALWAYS_SEARCH_USER_PATHS = NO;
				CLANG_ANALYZER_NONNULL = YES;
				CLANG_ANALYZER_NUMBER_OBJECT_CONVERSION = YES_AGGRESSIVE;
				CLANG_CXX_LANGUAGE_STANDARD = "gnu++14";
				CLANG_CXX_LIBRARY = "libc++";
				CLANG_ENABLE_MODULES = YES;
				CLANG_ENABLE_OBJC_ARC = YES;
				CLANG_ENABLE_OBJC_WEAK = YES;
				CLANG_WARN_BLOCK_CAPTURE_AUTORELEASING = YES;
				CLANG_WARN_BOOL_CONVERSION = YES;
				CLANG_WARN_COMMA = YES;
				CLANG_WARN_CONSTANT_CONVERSION = YES;
				CLANG_WARN_DEPRECATED_OBJC_IMPLEMENTATIONS = YES;
				CLANG_WARN_DIRECT_OBJC_ISA_USAGE = YES_ERROR;
				CLANG_WARN_DOCUMENTATION_COMMENTS = YES;
				CLANG_WARN_EMPTY_BODY = YES;
				CLANG_WARN_ENUM_CONVERSION = YES;
				CLANG_WARN_INFINITE_RECURSION = YES;
				CLANG_WARN_INT_CONVERSION = YES;
				CLANG_WARN_NON_LITERAL_NULL_CONVERSION = YES;
				CLANG_WARN_OBJC_IMPLICIT_RETAIN_SELF = YES;
				CLANG_WARN_OBJC_LITERAL_CONVERSION = YES;
				CLANG_WARN_OBJC_ROOT_CLASS = YES_ERROR;
				CLANG_WARN_QUOTED_INCLUDE_IN_FRAMEWORK_HEADER = YES;
				CLANG_WARN_RANGE_LOOP_ANALYSIS = YES;
				CLANG_WARN_STRICT_PROTOTYPES = YES;
				CLANG_WARN_SUSPICIOUS_MOVE = YES;
				CLANG_WARN_UNGUARDED_AVAILABILITY = YES_AGGRESSIVE;
				CLANG_WARN_UNREACHABLE_CODE = YES;
				CLANG_WARN__DUPLICATE_METHOD_MATCH = YES;
				CODE_SIGN_IDENTITY = "Mac Developer";
				COPY_PHASE_STRIP = NO;
				DEBUG_INFORMATION_FORMAT = dwarf;
				ENABLE_STRICT_OBJC_MSGSEND = YES;
				ENABLE_TESTABILITY = YES;
				GCC_C_LANGUAGE_STANDARD = gnu11;
				GCC_DYNAMIC_NO_PIC = NO;
				GCC_NO_COMMON_BLOCKS = YES;
				GCC_OPTIMIZATION_LEVEL = 0;
				GCC_PREPROCESSOR_DEFINITIONS = (
					"DEBUG=1",
					"$(inherited)",
				);
				GCC_WARN_64_TO_32_BIT_CONVERSION = YES;
				GCC_WARN_ABOUT_RETURN_TYPE = YES_ERROR;
				GCC_WARN_UNDECLARED_SELECTOR = YES;
				GCC_WARN_UNINITIALIZED_AUTOS = YES_AGGRESSIVE;
				GCC_WARN_UNUSED_FUNCTION = YES;
				GCC_WARN_UNUSED_VARIABLE = YES;
				MACOSX_DEPLOYMENT_TARGET = 10.15;
				MTL_ENABLE_DEBUG_INFO = YES;
				ONLY_ACTIVE_ARCH = YES;
				SDKROOT = macosx;
				SWIFT_ACTIVE_COMPILATION_CONDITIONS = DEBUG;
				SWIFT_OPTIMIZATION_LEVEL = "-Onone";
				SWIFT_VERSION = 5.0;
			};
			name = Debug;
		};
		7A11BCE0213122550094EB14 /* Release */ = {
			isa = XCBuildConfiguration;
			buildSettings = {
				ALWAYS_SEARCH_USER_PATHS = NO;
				CLANG_ANALYZER_NONNULL = YES;
				CLANG_ANALYZER_NUMBER_OBJECT_CONVERSION = YES_AGGRESSIVE;
				CLANG_CXX_LANGUAGE_STANDARD = "gnu++14";
				CLANG_CXX_LIBRARY = "libc++";
				CLANG_ENABLE_MODULES = YES;
				CLANG_ENABLE_OBJC_ARC = YES;
				CLANG_ENABLE_OBJC_WEAK = YES;
				CLANG_WARN_BLOCK_CAPTURE_AUTORELEASING = YES;
				CLANG_WARN_BOOL_CONVERSION = YES;
				CLANG_WARN_COMMA = YES;
				CLANG_WARN_CONSTANT_CONVERSION = YES;
				CLANG_WARN_DEPRECATED_OBJC_IMPLEMENTATIONS = YES;
				CLANG_WARN_DIRECT_OBJC_ISA_USAGE = YES_ERROR;
				CLANG_WARN_DOCUMENTATION_COMMENTS = YES;
				CLANG_WARN_EMPTY_BODY = YES;
				CLANG_WARN_ENUM_CONVERSION = YES;
				CLANG_WARN_INFINITE_RECURSION = YES;
				CLANG_WARN_INT_CONVERSION = YES;
				CLANG_WARN_NON_LITERAL_NULL_CONVERSION = YES;
				CLANG_WARN_OBJC_IMPLICIT_RETAIN_SELF = YES;
				CLANG_WARN_OBJC_LITERAL_CONVERSION = YES;
				CLANG_WARN_OBJC_ROOT_CLASS = YES_ERROR;
				CLANG_WARN_QUOTED_INCLUDE_IN_FRAMEWORK_HEADER = YES;
				CLANG_WARN_RANGE_LOOP_ANALYSIS = YES;
				CLANG_WARN_STRICT_PROTOTYPES = YES;
				CLANG_WARN_SUSPICIOUS_MOVE = YES;
				CLANG_WARN_UNGUARDED_AVAILABILITY = YES_AGGRESSIVE;
				CLANG_WARN_UNREACHABLE_CODE = YES;
				CLANG_WARN__DUPLICATE_METHOD_MATCH = YES;
				CODE_SIGN_IDENTITY = "Mac Developer";
				COPY_PHASE_STRIP = NO;
				DEBUG_INFORMATION_FORMAT = "dwarf-with-dsym";
				ENABLE_NS_ASSERTIONS = NO;
				ENABLE_STRICT_OBJC_MSGSEND = YES;
				GCC_C_LANGUAGE_STANDARD = gnu11;
				GCC_NO_COMMON_BLOCKS = YES;
				GCC_WARN_64_TO_32_BIT_CONVERSION = YES;
				GCC_WARN_ABOUT_RETURN_TYPE = YES_ERROR;
				GCC_WARN_UNDECLARED_SELECTOR = YES;
				GCC_WARN_UNINITIALIZED_AUTOS = YES_AGGRESSIVE;
				GCC_WARN_UNUSED_FUNCTION = YES;
				GCC_WARN_UNUSED_VARIABLE = YES;
				MACOSX_DEPLOYMENT_TARGET = 10.15;
				MTL_ENABLE_DEBUG_INFO = NO;
				SDKROOT = macosx;
				SWIFT_COMPILATION_MODE = wholemodule;
				SWIFT_OPTIMIZATION_LEVEL = "-O";
				SWIFT_VERSION = 5.0;
			};
			name = Release;
		};
		7A11BCE2213122550094EB14 /* Debug */ = {
			isa = XCBuildConfiguration;
			buildSettings = {
				ALWAYS_EMBED_SWIFT_STANDARD_LIBRARIES = YES;
				ASSETCATALOG_COMPILER_APPICON_NAME = SzContextIcon;
				CODE_SIGN_ENTITLEMENTS = SzContext/SzContext.entitlements;
				CODE_SIGN_IDENTITY = "Apple Development";
				CODE_SIGN_STYLE = Automatic;
				COMBINE_HIDPI_IMAGES = YES;
				CURRENT_PROJECT_VERSION = 179;
				DEVELOPMENT_TEAM = LQ3C7Y6F8J;
				ENABLE_HARDENED_RUNTIME = YES;
				INFOPLIST_FILE = SzContext/Info.plist;
				LD_RUNPATH_SEARCH_PATHS = (
					"$(inherited)",
					"@executable_path/../Frameworks",
				);
				MARKETING_VERSION = 1.1;
				PRODUCT_BUNDLE_IDENTIFIER = com.roadtodream.SzContext;
				PRODUCT_NAME = "$(TARGET_NAME)";
				PROVISIONING_PROFILE_SPECIFIER = "";
				SKIP_INSTALL = NO;
				SWIFT_VERSION = 5.0;
				VERSIONING_SYSTEM = "apple-generic";
			};
			name = Debug;
		};
		7A11BCE3213122550094EB14 /* Release */ = {
			isa = XCBuildConfiguration;
			buildSettings = {
				ALWAYS_EMBED_SWIFT_STANDARD_LIBRARIES = YES;
				ASSETCATALOG_COMPILER_APPICON_NAME = SzContextIcon;
				CODE_SIGN_ENTITLEMENTS = SzContext/SzContext.entitlements;
				CODE_SIGN_IDENTITY = "Apple Development";
				CODE_SIGN_STYLE = Automatic;
				COMBINE_HIDPI_IMAGES = YES;
				CURRENT_PROJECT_VERSION = 179;
				DEVELOPMENT_TEAM = LQ3C7Y6F8J;
				ENABLE_HARDENED_RUNTIME = YES;
				INFOPLIST_FILE = SzContext/Info.plist;
				LD_RUNPATH_SEARCH_PATHS = (
					"$(inherited)",
					"@executable_path/../Frameworks",
				);
				MARKETING_VERSION = 1.1;
				PRODUCT_BUNDLE_IDENTIFIER = com.roadtodream.SzContext;
				PRODUCT_NAME = "$(TARGET_NAME)";
				PROVISIONING_PROFILE_SPECIFIER = "";
				SKIP_INSTALL = NO;
				SWIFT_VERSION = 5.0;
				VERSIONING_SYSTEM = "apple-generic";
			};
			name = Release;
		};
		7A11BCFB213127720094EB14 /* Debug */ = {
			isa = XCBuildConfiguration;
			buildSettings = {
				ASSETCATALOG_COMPILER_APPICON_NAME = AppIcon;
				CODE_SIGN_ENTITLEMENTS = SzContextFinderSyncExtension/SzContextFinderSyncExtension.entitlements;
				CODE_SIGN_IDENTITY = "Apple Development";
				CODE_SIGN_STYLE = Automatic;
				COMBINE_HIDPI_IMAGES = YES;
				CURRENT_PROJECT_VERSION = 179;
				DEVELOPMENT_TEAM = LQ3C7Y6F8J;
				ENABLE_HARDENED_RUNTIME = YES;
				INFOPLIST_FILE = SzContextFinderSyncExtension/Info.plist;
				LD_RUNPATH_SEARCH_PATHS = (
					"$(inherited)",
					"@executable_path/../Frameworks",
					"@executable_path/../../../../Frameworks",
				);
				MARKETING_VERSION = 1.1;
				PRODUCT_BUNDLE_IDENTIFIER = com.roadtodream.SzContext.SzContextFinderSyncExtension;
				PRODUCT_NAME = "$(TARGET_NAME)";
				PROVISIONING_PROFILE_SPECIFIER = "";
				SKIP_INSTALL = YES;
				SWIFT_VERSION = 5.0;
				VERSIONING_SYSTEM = "apple-generic";
			};
			name = Debug;
		};
		7A11BCFC213127720094EB14 /* Release */ = {
			isa = XCBuildConfiguration;
			buildSettings = {
				ASSETCATALOG_COMPILER_APPICON_NAME = AppIcon;
				CODE_SIGN_ENTITLEMENTS = SzContextFinderSyncExtension/SzContextFinderSyncExtension.entitlements;
				CODE_SIGN_IDENTITY = "Apple Development";
				CODE_SIGN_STYLE = Automatic;
				COMBINE_HIDPI_IMAGES = YES;
				CURRENT_PROJECT_VERSION = 179;
				DEVELOPMENT_TEAM = LQ3C7Y6F8J;
				ENABLE_HARDENED_RUNTIME = YES;
				INFOPLIST_FILE = SzContextFinderSyncExtension/Info.plist;
				LD_RUNPATH_SEARCH_PATHS = (
					"$(inherited)",
					"@executable_path/../Frameworks",
					"@executable_path/../../../../Frameworks",
				);
				MARKETING_VERSION = 1.1;
				PRODUCT_BUNDLE_IDENTIFIER = com.roadtodream.SzContext.SzContextFinderSyncExtension;
				PRODUCT_NAME = "$(TARGET_NAME)";
				PROVISIONING_PROFILE_SPECIFIER = "";
				SKIP_INSTALL = YES;
				SWIFT_VERSION = 5.0;
				VERSIONING_SYSTEM = "apple-generic";
			};
			name = Release;
		};
		7A3B875F25A7B74000228CB5 /* Debug */ = {
			isa = XCBuildConfiguration;
			buildSettings = {
				CODE_SIGN_ENTITLEMENTS = SzContextXPCHelper/LQ3C7Y6F8J.com.roadtodream.SzContextXPCHelper.entitlements;
				CODE_SIGN_STYLE = Automatic;
				COMBINE_HIDPI_IMAGES = YES;
				CURRENT_PROJECT_VERSION = 179;
				DEVELOPMENT_TEAM = LQ3C7Y6F8J;
				INFOPLIST_FILE = SzContextXPCHelper/Info.plist;
				INSTALL_PATH = "$(LOCAL_LIBRARY_DIR)/Bundles";
				MACH_O_TYPE = mh_execute;
				MARKETING_VERSION = 1.1;
				MTL_ENABLE_DEBUG_INFO = INCLUDE_SOURCE;
				MTL_FAST_MATH = YES;
				PRODUCT_BUNDLE_IDENTIFIER = LQ3C7Y6F8J.com.roadtodream.SzContextXPCHelper;
				PRODUCT_NAME = LQ3C7Y6F8J.com.roadtodream.SzContextXPCHelper;
				SKIP_INSTALL = YES;
				VERSIONING_SYSTEM = "apple-generic";
				WRAPPER_EXTENSION = app;
			};
			name = Debug;
		};
		7A3B876025A7B74000228CB5 /* Release */ = {
			isa = XCBuildConfiguration;
			buildSettings = {
				CODE_SIGN_ENTITLEMENTS = SzContextXPCHelper/LQ3C7Y6F8J.com.roadtodream.SzContextXPCHelper.entitlements;
				CODE_SIGN_STYLE = Automatic;
				COMBINE_HIDPI_IMAGES = YES;
				CURRENT_PROJECT_VERSION = 179;
				DEVELOPMENT_TEAM = LQ3C7Y6F8J;
				INFOPLIST_FILE = SzContextXPCHelper/Info.plist;
				INSTALL_PATH = "$(LOCAL_LIBRARY_DIR)/Bundles";
				MACH_O_TYPE = mh_execute;
				MARKETING_VERSION = 1.1;
				MTL_FAST_MATH = YES;
				PRODUCT_BUNDLE_IDENTIFIER = LQ3C7Y6F8J.com.roadtodream.SzContextXPCHelper;
				PRODUCT_NAME = LQ3C7Y6F8J.com.roadtodream.SzContextXPCHelper;
				SKIP_INSTALL = YES;
				VERSIONING_SYSTEM = "apple-generic";
				WRAPPER_EXTENSION = app;
			};
			name = Release;
		};
/* End XCBuildConfiguration section */

/* Begin XCConfigurationList section */
		7A11BCB6213122540094EB14 /* Build configuration list for PBXProject "SzContext" */ = {
			isa = XCConfigurationList;
			buildConfigurations = (
				7A11BCDF213122550094EB14 /* Debug */,
				7A11BCE0213122550094EB14 /* Release */,
			);
			defaultConfigurationIsVisible = 0;
			defaultConfigurationName = Release;
		};
		7A11BCE1213122550094EB14 /* Build configuration list for PBXNativeTarget "SzContext" */ = {
			isa = XCConfigurationList;
			buildConfigurations = (
				7A11BCE2213122550094EB14 /* Debug */,
				7A11BCE3213122550094EB14 /* Release */,
			);
			defaultConfigurationIsVisible = 0;
			defaultConfigurationName = Release;
		};
		7A11BCFA213127720094EB14 /* Build configuration list for PBXNativeTarget "SzContextFinderSyncExtension" */ = {
			isa = XCConfigurationList;
			buildConfigurations = (
				7A11BCFB213127720094EB14 /* Debug */,
				7A11BCFC213127720094EB14 /* Release */,
			);
			defaultConfigurationIsVisible = 0;
			defaultConfigurationName = Release;
		};
		7A3B875E25A7B74000228CB5 /* Build configuration list for PBXNativeTarget "SzContextXPCHelper" */ = {
			isa = XCConfigurationList;
			buildConfigurations = (
				7A3B875F25A7B74000228CB5 /* Debug */,
				7A3B876025A7B74000228CB5 /* Release */,
			);
			defaultConfigurationIsVisible = 0;
			defaultConfigurationName = Release;
		};
/* End XCConfigurationList section */

/* Begin XCVersionGroup section */
		7A1AF3FB25AAA9D100498B51 /* SzContext.xcdatamodeld */ = {
			isa = XCVersionGroup;
			children = (
				7A1AF3FC25AAA9D100498B51 /* Model.xcdatamodel */,
			);
			currentVersion = 7A1AF3FC25AAA9D100498B51 /* Model.xcdatamodel */;
			path = SzContext.xcdatamodeld;
			sourceTree = "<group>";
			versionGroupType = wrapper.xcdatamodel;
		};
/* End XCVersionGroup section */
	};
	rootObject = 7A11BCB3213122540094EB14 /* Project object */;
}
