// !$*UTF8*$!
{
	archiveVersion = 1;
	classes = {
	};
	objectVersion = 50;
	objects = {

/* Begin PBXBuildFile section */
		7A11BCBF213122540094EB14 /* AppDelegate.swift in Sources */ = {isa = PBXBuildFile; fileRef = 7A11BCBE213122540094EB14 /* AppDelegate.swift */; };
		7A11BCC1213122540094EB14 /* ViewController.swift in Sources */ = {isa = PBXBuildFile; fileRef = 7A11BCC0213122540094EB14 /* ViewController.swift */; };
		7A11BCC3213122550094EB14 /* Assets.xcassets in Resources */ = {isa = PBXBuildFile; fileRef = 7A11BCC2213122550094EB14 /* Assets.xcassets */; };
		7A11BCC6213122550094EB14 /* Main.storyboard in Resources */ = {isa = PBXBuildFile; fileRef = 7A11BCC4213122550094EB14 /* Main.storyboard */; };
		7A11BCF4213127720094EB14 /* FinderSync.swift in Sources */ = {isa = PBXBuildFile; fileRef = 7A11BCF3213127720094EB14 /* FinderSync.swift */; };
		7A2B12912132815A0029D0B8 /* SzContextFinderSyncExtension.appex in Embed App Extensions */ = {isa = PBXBuildFile; fileRef = 7A11BCF1213127720094EB14 /* SzContextFinderSyncExtension.appex */; settings = {ATTRIBUTES = (RemoveHeadersOnCopy, ); }; };
		7A2B1298213284660029D0B8 /* SzContextService.app in Embed Services */ = {isa = PBXBuildFile; fileRef = 7A7117EB21323742004C0DF0 /* SzContextService.app */; settings = {ATTRIBUTES = (RemoveHeadersOnCopy, ); }; };
		7A5BBDE925994FD200162DB4 /* Media.xcassets in Resources */ = {isa = PBXBuildFile; fileRef = 7A5BBDE825994FD200162DB4 /* Media.xcassets */; };
		7A671CA3213415F600E67BB5 /* MainWindowController.swift in Sources */ = {isa = PBXBuildFile; fileRef = 7A671CA2213415F600E67BB5 /* MainWindowController.swift */; };
		7A7117F021323742004C0DF0 /* Assets.xcassets in Resources */ = {isa = PBXBuildFile; fileRef = 7A7117EF21323742004C0DF0 /* Assets.xcassets */; };
		7A7117FA21323B15004C0DF0 /* main.swift in Sources */ = {isa = PBXBuildFile; fileRef = 7A7117F921323B15004C0DF0 /* main.swift */; };
		7A7117FC21323E52004C0DF0 /* SzContextService.swift in Sources */ = {isa = PBXBuildFile; fileRef = 7A7117FB21323E52004C0DF0 /* SzContextService.swift */; };
		7A7117FE21323F23004C0DF0 /* SzContextServiceProtocol.swift in Sources */ = {isa = PBXBuildFile; fileRef = 7A7117FD21323F23004C0DF0 /* SzContextServiceProtocol.swift */; };
/* End PBXBuildFile section */

/* Begin PBXContainerItemProxy section */
		7A2B12922132815A0029D0B8 /* PBXContainerItemProxy */ = {
			isa = PBXContainerItemProxy;
			containerPortal = 7A11BCB3213122540094EB14 /* Project object */;
			proxyType = 1;
			remoteGlobalIDString = 7A11BCF0213127720094EB14;
			remoteInfo = SzContextFinderSyncExtension;
		};
/* End PBXContainerItemProxy section */

/* Begin PBXCopyFilesBuildPhase section */
		7A2B12952132815A0029D0B8 /* Embed App Extensions */ = {
			isa = PBXCopyFilesBuildPhase;
			buildActionMask = 2147483647;
			dstPath = "";
			dstSubfolderSpec = 13;
			files = (
				7A2B12912132815A0029D0B8 /* SzContextFinderSyncExtension.appex in Embed App Extensions */,
			);
			name = "Embed App Extensions";
			runOnlyForDeploymentPostprocessing = 0;
		};
		7A2B1296213282110029D0B8 /* Embed Services */ = {
			isa = PBXCopyFilesBuildPhase;
			buildActionMask = 2147483647;
			dstPath = "";
			dstSubfolderSpec = 12;
			files = (
				7A2B1298213284660029D0B8 /* SzContextService.app in Embed Services */,
			);
			name = "Embed Services";
			runOnlyForDeploymentPostprocessing = 0;
		};
/* End PBXCopyFilesBuildPhase section */

/* Begin PBXFileReference section */
		7A11BCBB213122540094EB14 /* SzContext.app */ = {isa = PBXFileReference; explicitFileType = wrapper.application; includeInIndex = 0; path = SzContext.app; sourceTree = BUILT_PRODUCTS_DIR; };
		7A11BCBE213122540094EB14 /* AppDelegate.swift */ = {isa = PBXFileReference; lastKnownFileType = sourcecode.swift; path = AppDelegate.swift; sourceTree = "<group>"; };
		7A11BCC0213122540094EB14 /* ViewController.swift */ = {isa = PBXFileReference; lastKnownFileType = sourcecode.swift; path = ViewController.swift; sourceTree = "<group>"; };
		7A11BCC2213122550094EB14 /* Assets.xcassets */ = {isa = PBXFileReference; lastKnownFileType = folder.assetcatalog; path = Assets.xcassets; sourceTree = "<group>"; };
		7A11BCC5213122550094EB14 /* Base */ = {isa = PBXFileReference; lastKnownFileType = file.storyboard; name = Base; path = Base.lproj/Main.storyboard; sourceTree = "<group>"; };
		7A11BCC7213122550094EB14 /* Info.plist */ = {isa = PBXFileReference; lastKnownFileType = text.plist.xml; path = Info.plist; sourceTree = "<group>"; };
		7A11BCC8213122550094EB14 /* SzContext.entitlements */ = {isa = PBXFileReference; lastKnownFileType = text.plist.entitlements; path = SzContext.entitlements; sourceTree = "<group>"; };
		7A11BCF1213127720094EB14 /* SzContextFinderSyncExtension.appex */ = {isa = PBXFileReference; explicitFileType = "wrapper.app-extension"; includeInIndex = 0; path = SzContextFinderSyncExtension.appex; sourceTree = BUILT_PRODUCTS_DIR; };
		7A11BCF3213127720094EB14 /* FinderSync.swift */ = {isa = PBXFileReference; lastKnownFileType = sourcecode.swift; path = FinderSync.swift; sourceTree = "<group>"; };
		7A11BCF5213127720094EB14 /* Info.plist */ = {isa = PBXFileReference; lastKnownFileType = text.plist.xml; path = Info.plist; sourceTree = "<group>"; };
		7A11BCF6213127720094EB14 /* SzContextFinderSyncExtension.entitlements */ = {isa = PBXFileReference; lastKnownFileType = text.plist.entitlements; path = SzContextFinderSyncExtension.entitlements; sourceTree = "<group>"; };
		7A5BBDE825994FD200162DB4 /* Media.xcassets */ = {isa = PBXFileReference; lastKnownFileType = folder.assetcatalog; path = Media.xcassets; sourceTree = "<group>"; };
		7A671CA2213415F600E67BB5 /* MainWindowController.swift */ = {isa = PBXFileReference; lastKnownFileType = sourcecode.swift; path = MainWindowController.swift; sourceTree = "<group>"; };
		7A7117EB21323742004C0DF0 /* SzContextService.app */ = {isa = PBXFileReference; explicitFileType = wrapper.application; includeInIndex = 0; path = SzContextService.app; sourceTree = BUILT_PRODUCTS_DIR; };
		7A7117EF21323742004C0DF0 /* Assets.xcassets */ = {isa = PBXFileReference; lastKnownFileType = folder.assetcatalog; path = Assets.xcassets; sourceTree = "<group>"; };
		7A7117F421323743004C0DF0 /* Info.plist */ = {isa = PBXFileReference; lastKnownFileType = text.plist.xml; path = Info.plist; sourceTree = "<group>"; };
		7A7117F521323743004C0DF0 /* SzContextService.entitlements */ = {isa = PBXFileReference; lastKnownFileType = text.plist.entitlements; path = SzContextService.entitlements; sourceTree = "<group>"; };
		7A7117F921323B15004C0DF0 /* main.swift */ = {isa = PBXFileReference; lastKnownFileType = sourcecode.swift; path = main.swift; sourceTree = "<group>"; };
		7A7117FB21323E52004C0DF0 /* SzContextService.swift */ = {isa = PBXFileReference; lastKnownFileType = sourcecode.swift; path = SzContextService.swift; sourceTree = "<group>"; };
		7A7117FD21323F23004C0DF0 /* SzContextServiceProtocol.swift */ = {isa = PBXFileReference; lastKnownFileType = sourcecode.swift; path = SzContextServiceProtocol.swift; sourceTree = "<group>"; };
/* End PBXFileReference section */

/* Begin PBXFrameworksBuildPhase section */
		7A11BCB8213122540094EB14 /* Frameworks */ = {
			isa = PBXFrameworksBuildPhase;
			buildActionMask = 2147483647;
			files = (
			);
			runOnlyForDeploymentPostprocessing = 0;
		};
		7A11BCEE213127720094EB14 /* Frameworks */ = {
			isa = PBXFrameworksBuildPhase;
			buildActionMask = 2147483647;
			files = (
			);
			runOnlyForDeploymentPostprocessing = 0;
		};
		7A7117E821323742004C0DF0 /* Frameworks */ = {
			isa = PBXFrameworksBuildPhase;
			buildActionMask = 2147483647;
			files = (
			);
			runOnlyForDeploymentPostprocessing = 0;
		};
/* End PBXFrameworksBuildPhase section */

/* Begin PBXGroup section */
		7A11BCB2213122540094EB14 = {
			isa = PBXGroup;
			children = (
				7A11BCBD213122540094EB14 /* SzContext */,
				7A11BCF2213127720094EB14 /* SzContextFinderSyncExtension */,
				7A7117EC21323742004C0DF0 /* SzContextService */,
				7A11BCBC213122540094EB14 /* Products */,
			);
			sourceTree = "<group>";
		};
		7A11BCBC213122540094EB14 /* Products */ = {
			isa = PBXGroup;
			children = (
				7A11BCBB213122540094EB14 /* SzContext.app */,
				7A11BCF1213127720094EB14 /* SzContextFinderSyncExtension.appex */,
				7A7117EB21323742004C0DF0 /* SzContextService.app */,
			);
			name = Products;
			sourceTree = "<group>";
		};
		7A11BCBD213122540094EB14 /* SzContext */ = {
			isa = PBXGroup;
			children = (
				7A11BCBE213122540094EB14 /* AppDelegate.swift */,
				7A11BCC0213122540094EB14 /* ViewController.swift */,
				7A671CA2213415F600E67BB5 /* MainWindowController.swift */,
				7A11BCC2213122550094EB14 /* Assets.xcassets */,
				7A11BCC4213122550094EB14 /* Main.storyboard */,
				7A11BCC7213122550094EB14 /* Info.plist */,
				7A11BCC8213122550094EB14 /* SzContext.entitlements */,
			);
			path = SzContext;
			sourceTree = "<group>";
		};
		7A11BCF2213127720094EB14 /* SzContextFinderSyncExtension */ = {
			isa = PBXGroup;
			children = (
				7A11BCF3213127720094EB14 /* FinderSync.swift */,
				7A11BCF5213127720094EB14 /* Info.plist */,
				7A11BCF6213127720094EB14 /* SzContextFinderSyncExtension.entitlements */,
				7A5BBDE825994FD200162DB4 /* Media.xcassets */,
			);
			path = SzContextFinderSyncExtension;
			sourceTree = "<group>";
		};
		7A7117EC21323742004C0DF0 /* SzContextService */ = {
			isa = PBXGroup;
			children = (
				7A7117F921323B15004C0DF0 /* main.swift */,
				7A7117FB21323E52004C0DF0 /* SzContextService.swift */,
				7A7117FD21323F23004C0DF0 /* SzContextServiceProtocol.swift */,
				7A7117EF21323742004C0DF0 /* Assets.xcassets */,
				7A7117F421323743004C0DF0 /* Info.plist */,
				7A7117F521323743004C0DF0 /* SzContextService.entitlements */,
			);
			path = SzContextService;
			sourceTree = "<group>";
		};
/* End PBXGroup section */

/* Begin PBXNativeTarget section */
		7A11BCBA213122540094EB14 /* SzContext */ = {
			isa = PBXNativeTarget;
			buildConfigurationList = 7A11BCE1213122550094EB14 /* Build configuration list for PBXNativeTarget "SzContext" */;
			buildPhases = (
				7A11BCB7213122540094EB14 /* Sources */,
				7A11BCB8213122540094EB14 /* Frameworks */,
				7A11BCB9213122540094EB14 /* Resources */,
				7A2B12952132815A0029D0B8 /* Embed App Extensions */,
				7A2B1296213282110029D0B8 /* Embed Services */,
			);
			buildRules = (
			);
			dependencies = (
				7A2B12932132815A0029D0B8 /* PBXTargetDependency */,
			);
			name = SzContext;
			productName = SzContext;
			productReference = 7A11BCBB213122540094EB14 /* SzContext.app */;
			productType = "com.apple.product-type.application";
		};
		7A11BCF0213127720094EB14 /* SzContextFinderSyncExtension */ = {
			isa = PBXNativeTarget;
			buildConfigurationList = 7A11BCFA213127720094EB14 /* Build configuration list for PBXNativeTarget "SzContextFinderSyncExtension" */;
			buildPhases = (
				7A11BCED213127720094EB14 /* Sources */,
				7A11BCEE213127720094EB14 /* Frameworks */,
				7A11BCEF213127720094EB14 /* Resources */,
			);
			buildRules = (
			);
			dependencies = (
			);
			name = SzContextFinderSyncExtension;
			productName = SzContextFinderSyncExtension;
			productReference = 7A11BCF1213127720094EB14 /* SzContextFinderSyncExtension.appex */;
			productType = "com.apple.product-type.app-extension";
		};
		7A7117EA21323742004C0DF0 /* SzContextService */ = {
			isa = PBXNativeTarget;
			buildConfigurationList = 7A7117F621323743004C0DF0 /* Build configuration list for PBXNativeTarget "SzContextService" */;
			buildPhases = (
				7A7117E721323742004C0DF0 /* Sources */,
				7A7117E821323742004C0DF0 /* Frameworks */,
				7A7117E921323742004C0DF0 /* Resources */,
			);
			buildRules = (
			);
			dependencies = (
			);
			name = SzContextService;
			productName = SzContextService;
			productReference = 7A7117EB21323742004C0DF0 /* SzContextService.app */;
			productType = "com.apple.product-type.application";
		};
/* End PBXNativeTarget section */

/* Begin PBXProject section */
		7A11BCB3213122540094EB14 /* Project object */ = {
			isa = PBXProject;
			attributes = {
				LastSwiftUpdateCheck = 0930;
				LastUpgradeCheck = 0930;
				ORGANIZATIONNAME = "Jiawei Duan";
				TargetAttributes = {
					7A11BCBA213122540094EB14 = {
						CreatedOnToolsVersion = 9.3;
						SystemCapabilities = {
							com.apple.ApplicationGroups.Mac = {
								enabled = 1;
							};
							com.apple.Sandbox = {
								enabled = 0;
							};
						};
					};
					7A11BCF0213127720094EB14 = {
						CreatedOnToolsVersion = 9.3;
						SystemCapabilities = {
							com.apple.ApplicationGroups.Mac = {
								enabled = 1;
							};
							com.apple.Sandbox = {
								enabled = 1;
							};
						};
					};
					7A7117EA21323742004C0DF0 = {
						CreatedOnToolsVersion = 9.3;
						LastSwiftMigration = 0930;
						SystemCapabilities = {
							com.apple.ApplicationGroups.Mac = {
								enabled = 1;
							};
							com.apple.Sandbox = {
								enabled = 0;
							};
						};
					};
				};
			};
			buildConfigurationList = 7A11BCB6213122540094EB14 /* Build configuration list for PBXProject "SzContext" */;
			compatibilityVersion = "Xcode 9.3";
			developmentRegion = en;
			hasScannedForEncodings = 0;
			knownRegions = (
				en,
				Base,
			);
			mainGroup = 7A11BCB2213122540094EB14;
			productRefGroup = 7A11BCBC213122540094EB14 /* Products */;
			projectDirPath = "";
			projectRoot = "";
			targets = (
				7A11BCBA213122540094EB14 /* SzContext */,
				7A11BCF0213127720094EB14 /* SzContextFinderSyncExtension */,
				7A7117EA21323742004C0DF0 /* SzContextService */,
			);
		};
/* End PBXProject section */

/* Begin PBXResourcesBuildPhase section */
		7A11BCB9213122540094EB14 /* Resources */ = {
			isa = PBXResourcesBuildPhase;
			buildActionMask = 2147483647;
			files = (
				7A11BCC3213122550094EB14 /* Assets.xcassets in Resources */,
				7A11BCC6213122550094EB14 /* Main.storyboard in Resources */,
			);
			runOnlyForDeploymentPostprocessing = 0;
		};
		7A11BCEF213127720094EB14 /* Resources */ = {
			isa = PBXResourcesBuildPhase;
			buildActionMask = 2147483647;
			files = (
				7A5BBDE925994FD200162DB4 /* Media.xcassets in Resources */,
			);
			runOnlyForDeploymentPostprocessing = 0;
		};
		7A7117E921323742004C0DF0 /* Resources */ = {
			isa = PBXResourcesBuildPhase;
			buildActionMask = 2147483647;
			files = (
				7A7117F021323742004C0DF0 /* Assets.xcassets in Resources */,
			);
			runOnlyForDeploymentPostprocessing = 0;
		};
/* End PBXResourcesBuildPhase section */

/* Begin PBXSourcesBuildPhase section */
		7A11BCB7213122540094EB14 /* Sources */ = {
			isa = PBXSourcesBuildPhase;
			buildActionMask = 2147483647;
			files = (
				7A11BCC1213122540094EB14 /* ViewController.swift in Sources */,
				7A671CA3213415F600E67BB5 /* MainWindowController.swift in Sources */,
				7A11BCBF213122540094EB14 /* AppDelegate.swift in Sources */,
			);
			runOnlyForDeploymentPostprocessing = 0;
		};
		7A11BCED213127720094EB14 /* Sources */ = {
			isa = PBXSourcesBuildPhase;
			buildActionMask = 2147483647;
			files = (
				7A11BCF4213127720094EB14 /* FinderSync.swift in Sources */,
			);
			runOnlyForDeploymentPostprocessing = 0;
		};
		7A7117E721323742004C0DF0 /* Sources */ = {
			isa = PBXSourcesBuildPhase;
			buildActionMask = 2147483647;
			files = (
				7A7117FC21323E52004C0DF0 /* SzContextService.swift in Sources */,
				7A7117FE21323F23004C0DF0 /* SzContextServiceProtocol.swift in Sources */,
				7A7117FA21323B15004C0DF0 /* main.swift in Sources */,
			);
			runOnlyForDeploymentPostprocessing = 0;
		};
/* End PBXSourcesBuildPhase section */

/* Begin PBXTargetDependency section */
		7A2B12932132815A0029D0B8 /* PBXTargetDependency */ = {
			isa = PBXTargetDependency;
			target = 7A11BCF0213127720094EB14 /* SzContextFinderSyncExtension */;
			targetProxy = 7A2B12922132815A0029D0B8 /* PBXContainerItemProxy */;
		};
/* End PBXTargetDependency section */

/* Begin PBXVariantGroup section */
		7A11BCC4213122550094EB14 /* Main.storyboard */ = {
			isa = PBXVariantGroup;
			children = (
				7A11BCC5213122550094EB14 /* Base */,
			);
			name = Main.storyboard;
			sourceTree = "<group>";
		};
/* End PBXVariantGroup section */

/* Begin XCBuildConfiguration section */
		7A11BCDF213122550094EB14 /* Debug */ = {
			isa = XCBuildConfiguration;
			buildSettings = {
				ALWAYS_SEARCH_USER_PATHS = NO;
				CLANG_ANALYZER_NONNULL = YES;
				CLANG_ANALYZER_NUMBER_OBJECT_CONVERSION = YES_AGGRESSIVE;
				CLANG_CXX_LANGUAGE_STANDARD = "gnu++14";
				CLANG_CXX_LIBRARY = "libc++";
				CLANG_ENABLE_MODULES = YES;
				CLANG_ENABLE_OBJC_ARC = YES;
				CLANG_ENABLE_OBJC_WEAK = YES;
				CLANG_WARN_BLOCK_CAPTURE_AUTORELEASING = YES;
				CLANG_WARN_BOOL_CONVERSION = YES;
				CLANG_WARN_COMMA = YES;
				CLANG_WARN_CONSTANT_CONVERSION = YES;
				CLANG_WARN_DEPRECATED_OBJC_IMPLEMENTATIONS = YES;
				CLANG_WARN_DIRECT_OBJC_ISA_USAGE = YES_ERROR;
				CLANG_WARN_DOCUMENTATION_COMMENTS = YES;
				CLANG_WARN_EMPTY_BODY = YES;
				CLANG_WARN_ENUM_CONVERSION = YES;
				CLANG_WARN_INFINITE_RECURSION = YES;
				CLANG_WARN_INT_CONVERSION = YES;
				CLANG_WARN_NON_LITERAL_NULL_CONVERSION = YES;
				CLANG_WARN_OBJC_IMPLICIT_RETAIN_SELF = YES;
				CLANG_WARN_OBJC_LITERAL_CONVERSION = YES;
				CLANG_WARN_OBJC_ROOT_CLASS = YES_ERROR;
				CLANG_WARN_RANGE_LOOP_ANALYSIS = YES;
				CLANG_WARN_STRICT_PROTOTYPES = YES;
				CLANG_WARN_SUSPICIOUS_MOVE = YES;
				CLANG_WARN_UNGUARDED_AVAILABILITY = YES_AGGRESSIVE;
				CLANG_WARN_UNREACHABLE_CODE = YES;
				CLANG_WARN__DUPLICATE_METHOD_MATCH = YES;
				CODE_SIGN_IDENTITY = "Mac Developer";
				COPY_PHASE_STRIP = NO;
				DEBUG_INFORMATION_FORMAT = dwarf;
				ENABLE_STRICT_OBJC_MSGSEND = YES;
				ENABLE_TESTABILITY = YES;
				GCC_C_LANGUAGE_STANDARD = gnu11;
				GCC_DYNAMIC_NO_PIC = NO;
				GCC_NO_COMMON_BLOCKS = YES;
				GCC_OPTIMIZATION_LEVEL = 0;
				GCC_PREPROCESSOR_DEFINITIONS = (
					"DEBUG=1",
					"$(inherited)",
				);
				GCC_WARN_64_TO_32_BIT_CONVERSION = YES;
				GCC_WARN_ABOUT_RETURN_TYPE = YES_ERROR;
				GCC_WARN_UNDECLARED_SELECTOR = YES;
				GCC_WARN_UNINITIALIZED_AUTOS = YES_AGGRESSIVE;
				GCC_WARN_UNUSED_FUNCTION = YES;
				GCC_WARN_UNUSED_VARIABLE = YES;
				MACOSX_DEPLOYMENT_TARGET = 10.15;
				MTL_ENABLE_DEBUG_INFO = YES;
				ONLY_ACTIVE_ARCH = YES;
				SDKROOT = macosx;
				SWIFT_ACTIVE_COMPILATION_CONDITIONS = DEBUG;
				SWIFT_OPTIMIZATION_LEVEL = "-Onone";
				SWIFT_VERSION = 5.0;
			};
			name = Debug;
		};
		7A11BCE0213122550094EB14 /* Release */ = {
			isa = XCBuildConfiguration;
			buildSettings = {
				ALWAYS_SEARCH_USER_PATHS = NO;
				CLANG_ANALYZER_NONNULL = YES;
				CLANG_ANALYZER_NUMBER_OBJECT_CONVERSION = YES_AGGRESSIVE;
				CLANG_CXX_LANGUAGE_STANDARD = "gnu++14";
				CLANG_CXX_LIBRARY = "libc++";
				CLANG_ENABLE_MODULES = YES;
				CLANG_ENABLE_OBJC_ARC = YES;
				CLANG_ENABLE_OBJC_WEAK = YES;
				CLANG_WARN_BLOCK_CAPTURE_AUTORELEASING = YES;
				CLANG_WARN_BOOL_CONVERSION = YES;
				CLANG_WARN_COMMA = YES;
				CLANG_WARN_CONSTANT_CONVERSION = YES;
				CLANG_WARN_DEPRECATED_OBJC_IMPLEMENTATIONS = YES;
				CLANG_WARN_DIRECT_OBJC_ISA_USAGE = YES_ERROR;
				CLANG_WARN_DOCUMENTATION_COMMENTS = YES;
				CLANG_WARN_EMPTY_BODY = YES;
				CLANG_WARN_ENUM_CONVERSION = YES;
				CLANG_WARN_INFINITE_RECURSION = YES;
				CLANG_WARN_INT_CONVERSION = YES;
				CLANG_WARN_NON_LITERAL_NULL_CONVERSION = YES;
				CLANG_WARN_OBJC_IMPLICIT_RETAIN_SELF = YES;
				CLANG_WARN_OBJC_LITERAL_CONVERSION = YES;
				CLANG_WARN_OBJC_ROOT_CLASS = YES_ERROR;
				CLANG_WARN_RANGE_LOOP_ANALYSIS = YES;
				CLANG_WARN_STRICT_PROTOTYPES = YES;
				CLANG_WARN_SUSPICIOUS_MOVE = YES;
				CLANG_WARN_UNGUARDED_AVAILABILITY = YES_AGGRESSIVE;
				CLANG_WARN_UNREACHABLE_CODE = YES;
				CLANG_WARN__DUPLICATE_METHOD_MATCH = YES;
				CODE_SIGN_IDENTITY = "Mac Developer";
				COPY_PHASE_STRIP = NO;
				DEBUG_INFORMATION_FORMAT = "dwarf-with-dsym";
				ENABLE_NS_ASSERTIONS = NO;
				ENABLE_STRICT_OBJC_MSGSEND = YES;
				GCC_C_LANGUAGE_STANDARD = gnu11;
				GCC_NO_COMMON_BLOCKS = YES;
				GCC_WARN_64_TO_32_BIT_CONVERSION = YES;
				GCC_WARN_ABOUT_RETURN_TYPE = YES_ERROR;
				GCC_WARN_UNDECLARED_SELECTOR = YES;
				GCC_WARN_UNINITIALIZED_AUTOS = YES_AGGRESSIVE;
				GCC_WARN_UNUSED_FUNCTION = YES;
				GCC_WARN_UNUSED_VARIABLE = YES;
				MACOSX_DEPLOYMENT_TARGET = 10.15;
				MTL_ENABLE_DEBUG_INFO = NO;
				SDKROOT = macosx;
				SWIFT_COMPILATION_MODE = wholemodule;
				SWIFT_OPTIMIZATION_LEVEL = "-O";
				SWIFT_VERSION = 5.0;
			};
			name = Release;
		};
		7A11BCE2213122550094EB14 /* Debug */ = {
			isa = XCBuildConfiguration;
			buildSettings = {
				ALWAYS_EMBED_SWIFT_STANDARD_LIBRARIES = YES;
				ASSETCATALOG_COMPILER_APPICON_NAME = SzContextIcon;
				CODE_SIGN_ENTITLEMENTS = SzContext/SzContext.entitlements;
				CODE_SIGN_STYLE = Automatic;
				COMBINE_HIDPI_IMAGES = YES;
				DEVELOPMENT_TEAM = LQ3C7Y6F8J;
				ENABLE_HARDENED_RUNTIME = YES;
				INFOPLIST_FILE = SzContext/Info.plist;
				LD_RUNPATH_SEARCH_PATHS = (
					"$(inherited)",
					"@executable_path/../Frameworks",
				);
				MARKETING_VERSION = 0.4;
				PRODUCT_BUNDLE_IDENTIFIER = com.rtd.SzContext;
				PRODUCT_NAME = "$(TARGET_NAME)";
				SWIFT_VERSION = 5.0;
			};
			name = Debug;
		};
		7A11BCE3213122550094EB14 /* Release */ = {
			isa = XCBuildConfiguration;
			buildSettings = {
				ALWAYS_EMBED_SWIFT_STANDARD_LIBRARIES = YES;
				ASSETCATALOG_COMPILER_APPICON_NAME = SzContextIcon;
				CODE_SIGN_ENTITLEMENTS = SzContext/SzContext.entitlements;
				CODE_SIGN_STYLE = Automatic;
				COMBINE_HIDPI_IMAGES = YES;
				DEVELOPMENT_TEAM = LQ3C7Y6F8J;
				ENABLE_HARDENED_RUNTIME = YES;
				INFOPLIST_FILE = SzContext/Info.plist;
				LD_RUNPATH_SEARCH_PATHS = (
					"$(inherited)",
					"@executable_path/../Frameworks",
				);
				MARKETING_VERSION = 0.4;
				PRODUCT_BUNDLE_IDENTIFIER = com.rtd.SzContext;
				PRODUCT_NAME = "$(TARGET_NAME)";
				SWIFT_VERSION = 5.0;
			};
			name = Release;
		};
		7A11BCFB213127720094EB14 /* Debug */ = {
			isa = XCBuildConfiguration;
			buildSettings = {
				ASSETCATALOG_COMPILER_APPICON_NAME = AppIcon;
				CODE_SIGN_ENTITLEMENTS = SzContextFinderSyncExtension/SzContextFinderSyncExtension.entitlements;
				CODE_SIGN_STYLE = Automatic;
				COMBINE_HIDPI_IMAGES = YES;
				DEVELOPMENT_TEAM = LQ3C7Y6F8J;
				ENABLE_HARDENED_RUNTIME = YES;
				INFOPLIST_FILE = SzContextFinderSyncExtension/Info.plist;
				LD_RUNPATH_SEARCH_PATHS = (
					"$(inherited)",
					"@executable_path/../Frameworks",
					"@executable_path/../../../../Frameworks",
				);
				MARKETING_VERSION = 0.2;
				PRODUCT_BUNDLE_IDENTIFIER = com.rtd.SzContext.SzContextFinderSyncExtension;
				PRODUCT_NAME = "$(TARGET_NAME)";
				SKIP_INSTALL = YES;
				SWIFT_VERSION = 5.0;
			};
			name = Debug;
		};
		7A11BCFC213127720094EB14 /* Release */ = {
			isa = XCBuildConfiguration;
			buildSettings = {
				ASSETCATALOG_COMPILER_APPICON_NAME = AppIcon;
				CODE_SIGN_ENTITLEMENTS = SzContextFinderSyncExtension/SzContextFinderSyncExtension.entitlements;
				CODE_SIGN_STYLE = Automatic;
				COMBINE_HIDPI_IMAGES = YES;
				DEVELOPMENT_TEAM = LQ3C7Y6F8J;
				ENABLE_HARDENED_RUNTIME = YES;
				INFOPLIST_FILE = SzContextFinderSyncExtension/Info.plist;
				LD_RUNPATH_SEARCH_PATHS = (
					"$(inherited)",
					"@executable_path/../Frameworks",
					"@executable_path/../../../../Frameworks",
				);
				MARKETING_VERSION = 0.2;
				PRODUCT_BUNDLE_IDENTIFIER = com.rtd.SzContext.SzContextFinderSyncExtension;
				PRODUCT_NAME = "$(TARGET_NAME)";
				SKIP_INSTALL = YES;
				SWIFT_VERSION = 5.0;
			};
			name = Release;
		};
		7A7117F721323743004C0DF0 /* Debug */ = {
			isa = XCBuildConfiguration;
			buildSettings = {
				CLANG_ENABLE_MODULES = YES;
				CODE_SIGN_ENTITLEMENTS = SzContextService/SzContextService.entitlements;
				CODE_SIGN_STYLE = Automatic;
				COMBINE_HIDPI_IMAGES = YES;
				DEVELOPMENT_TEAM = LQ3C7Y6F8J;
				ENABLE_HARDENED_RUNTIME = YES;
				INFOPLIST_FILE = SzContextService/Info.plist;
				LD_RUNPATH_SEARCH_PATHS = (
					"$(inherited)",
					"@executable_path/../Frameworks",
				);
				MARKETING_VERSION = 0.1;
				PRODUCT_BUNDLE_IDENTIFIER = com.rtd.SzContext.SzContextService;
				PRODUCT_NAME = "$(TARGET_NAME)";
				SKIP_INSTALL = YES;
				SWIFT_OPTIMIZATION_LEVEL = "-Onone";
				SWIFT_VERSION = 5.0;
			};
			name = Debug;
		};
		7A7117F821323743004C0DF0 /* Release */ = {
			isa = XCBuildConfiguration;
			buildSettings = {
				CLANG_ENABLE_MODULES = YES;
				CODE_SIGN_ENTITLEMENTS = SzContextService/SzContextService.entitlements;
				CODE_SIGN_STYLE = Automatic;
				COMBINE_HIDPI_IMAGES = YES;
				DEVELOPMENT_TEAM = LQ3C7Y6F8J;
				ENABLE_HARDENED_RUNTIME = YES;
				INFOPLIST_FILE = SzContextService/Info.plist;
				LD_RUNPATH_SEARCH_PATHS = (
					"$(inherited)",
					"@executable_path/../Frameworks",
				);
				MARKETING_VERSION = 0.1;
				PRODUCT_BUNDLE_IDENTIFIER = com.rtd.SzContext.SzContextService;
				PRODUCT_NAME = "$(TARGET_NAME)";
				SKIP_INSTALL = YES;
				SWIFT_VERSION = 5.0;
			};
			name = Release;
		};
/* End XCBuildConfiguration section */

/* Begin XCConfigurationList section */
		7A11BCB6213122540094EB14 /* Build configuration list for PBXProject "SzContext" */ = {
			isa = XCConfigurationList;
			buildConfigurations = (
				7A11BCDF213122550094EB14 /* Debug */,
				7A11BCE0213122550094EB14 /* Release */,
			);
			defaultConfigurationIsVisible = 0;
			defaultConfigurationName = Release;
		};
		7A11BCE1213122550094EB14 /* Build configuration list for PBXNativeTarget "SzContext" */ = {
			isa = XCConfigurationList;
			buildConfigurations = (
				7A11BCE2213122550094EB14 /* Debug */,
				7A11BCE3213122550094EB14 /* Release */,
			);
			defaultConfigurationIsVisible = 0;
			defaultConfigurationName = Release;
		};
		7A11BCFA213127720094EB14 /* Build configuration list for PBXNativeTarget "SzContextFinderSyncExtension" */ = {
			isa = XCConfigurationList;
			buildConfigurations = (
				7A11BCFB213127720094EB14 /* Debug */,
				7A11BCFC213127720094EB14 /* Release */,
			);
			defaultConfigurationIsVisible = 0;
			defaultConfigurationName = Release;
		};
		7A7117F621323743004C0DF0 /* Build configuration list for PBXNativeTarget "SzContextService" */ = {
			isa = XCConfigurationList;
			buildConfigurations = (
				7A7117F721323743004C0DF0 /* Debug */,
				7A7117F821323743004C0DF0 /* Release */,
			);
			defaultConfigurationIsVisible = 0;
			defaultConfigurationName = Release;
		};
/* End XCConfigurationList section */
	};
	rootObject = 7A11BCB3213122540094EB14 /* Project object */;
}
